cookbook 'apt', :locked_version => '1.7.0'
cookbook 'apache2', :locked_version => '1.6.0'
cookbook 'vim', :locked_version => '1.0.2'
cookbook 'build-essential', :locked_version => '1.3.2'
cookbook 'drush', :git => 'https://github.com/msonnabaum/chef-drush', :ref => '507f1787629103e06a5bd8546c4ce60be8d98ff5'
cookbook 'git', :locked_version => '2.1.2'
cookbook 'imagemagick', :locked_version => '0.2.2'
cookbook 'mysql', :locked_version => '2.1.2'
cookbook 'openssl', :locked_version => '1.0.2'
cookbook 'php', :locked_version => '1.1.8'
cookbook 'redis', :locked_version => '3.0.4'
cookbook 'varnish', :locked_version => '0.9.4'
cookbook 'dmg', :locked_version => '1.1.0'
cookbook 'runit', :locked_version => '0.16.2'
cookbook 'yum', :locked_version => '2.0.6'
cookbook 'windows', :locked_version => '1.7.0'
cookbook 'chef_handler', :locked_version => '1.1.2'
cookbook 'xml', :locked_version => '1.1.2'
cookbook 'install_from', :locked_version => '3.0.4'
cookbook 'metachef', :locked_version => '3.0.4'